
Microsoft Visual Studio Solution File, Format Version 12.00
# Visual Studio Version 17
VisualStudioVersion = 17.0.32112.339
MinimumVisualStudioVersion = 10.0.40219.1
Project("{FAE04EC0-301F-11D3-BF4B-00C04F79EFBC}") = "VizsgaremekAPI", "VizsgaremekAPI\VizsgaremekAPI.csproj", "{742D1C28-A312-4E1D-9C75-6272DAEA4FD6}"
EndProject
Global
	GlobalSection(SolutionConfigurationPlatforms) = preSolution
		Debug|Any CPU = Debug|Any CPU
		Release|Any CPU = Release|Any CPU
	EndGlobalSection
	GlobalSection(ProjectConfigurationPlatforms) = postSolution
		{742D1C28-A312-4E1D-9C75-6272DAEA4FD6}.Debug|Any CPU.ActiveCfg = Debug|Any CPU
		{742D1C28-A312-4E1D-9C75-6272DAEA4FD6}.Debug|Any CPU.Build.0 = Debug|Any CPU
		{742D1C28-A312-4E1D-9C75-6272DAEA4FD6}.Release|Any CPU.ActiveCfg = Release|Any CPU
		{742D1C28-A312-4E1D-9C75-6272DAEA4FD6}.Release|Any CPU.Build.0 = Release|Any CPU
	EndGlobalSection
	GlobalSection(SolutionProperties) = preSolution
		HideSolutionNode = FALSE
	EndGlobalSection
	GlobalSection(ExtensibilityGlobals) = postSolution
		SolutionGuid = {3D08C14D-FDCB-4165-909E-F7828F529C82}
	EndGlobalSection
EndGlobal
