
Microsoft Visual Studio Solution File, Format Version 12.00
# Visual Studio Version 17
VisualStudioVersion = 17.0.32112.339
MinimumVisualStudioVersion = 10.0.40219.1
Project("{9A19103F-16F7-4668-BE54-9A1E7A4F7556}") = "VizsgaremekMVVM", "VizsgaremekMVVM\VizsgaremekMVVM.csproj", "{1AA1467D-5965-4185-B3F9-389D2AB1DF47}"
EndProject
Project("{FAE04EC0-301F-11D3-BF4B-00C04F79EFBC}") = "VizsgaremekTest", "VizsgaremekTest\VizsgaremekTest.csproj", "{A29A899A-F894-4A55-8304-926FD9566221}"
EndProject
Global
	GlobalSection(SolutionConfigurationPlatforms) = preSolution
		Debug|Any CPU = Debug|Any CPU
		Release|Any CPU = Release|Any CPU
	EndGlobalSection
	GlobalSection(ProjectConfigurationPlatforms) = postSolution
		{1AA1467D-5965-4185-B3F9-389D2AB1DF47}.Debug|Any CPU.ActiveCfg = Debug|Any CPU
		{1AA1467D-5965-4185-B3F9-389D2AB1DF47}.Debug|Any CPU.Build.0 = Debug|Any CPU
		{1AA1467D-5965-4185-B3F9-389D2AB1DF47}.Release|Any CPU.ActiveCfg = Release|Any CPU
		{1AA1467D-5965-4185-B3F9-389D2AB1DF47}.Release|Any CPU.Build.0 = Release|Any CPU
		{A29A899A-F894-4A55-8304-926FD9566221}.Debug|Any CPU.ActiveCfg = Debug|Any CPU
		{A29A899A-F894-4A55-8304-926FD9566221}.Debug|Any CPU.Build.0 = Debug|Any CPU
		{A29A899A-F894-4A55-8304-926FD9566221}.Release|Any CPU.ActiveCfg = Release|Any CPU
		{A29A899A-F894-4A55-8304-926FD9566221}.Release|Any CPU.Build.0 = Release|Any CPU
	EndGlobalSection
	GlobalSection(SolutionProperties) = preSolution
		HideSolutionNode = FALSE
	EndGlobalSection
	GlobalSection(ExtensibilityGlobals) = postSolution
		SolutionGuid = {54992999-2A05-4FBE-823C-705E1C89110A}
	EndGlobalSection
EndGlobal
